// !$*UTF8*$!
{
	archiveVersion = 1;
	classes = {
	};
	objectVersion = 46;
	objects = {

/* Begin PBXBuildFile section */
		23F5475F19964ADE00FA31CF /* moneyListTableViewController.swift in Sources */ = {isa = PBXBuildFile; fileRef = 23F5475E19964ADE00FA31CF /* moneyListTableViewController.swift */; };
		23F5476119964AF500FA31CF /* addMoneyViewController.swift in Sources */ = {isa = PBXBuildFile; fileRef = 23F5476019964AF500FA31CF /* addMoneyViewController.swift */; };
		23F5476319964B2D00FA31CF /* pocketListTableViewController.swift in Sources */ = {isa = PBXBuildFile; fileRef = 23F5476219964B2D00FA31CF /* pocketListTableViewController.swift */; };
		23F547661996516E00FA31CF /* libsqlite3.0.dylib in Frameworks */ = {isa = PBXBuildFile; fileRef = 23F547651996516E00FA31CF /* libsqlite3.0.dylib */; };
		23F5476819966A6500FA31CF /* CMoneySqliteObject.swift in Sources */ = {isa = PBXBuildFile; fileRef = 23F5476719966A6500FA31CF /* CMoneySqliteObject.swift */; };
		23FDCC69199300C900FB71DA /* AppDelegate.swift in Sources */ = {isa = PBXBuildFile; fileRef = 23FDCC68199300C900FB71DA /* AppDelegate.swift */; };
		23FDCC6B199300C900FB71DA /* ViewController.swift in Sources */ = {isa = PBXBuildFile; fileRef = 23FDCC6A199300C900FB71DA /* ViewController.swift */; };
		23FDCC6E199300C900FB71DA /* Main.storyboard in Resources */ = {isa = PBXBuildFile; fileRef = 23FDCC6C199300C900FB71DA /* Main.storyboard */; };
		23FDCC70199300C900FB71DA /* Images.xcassets in Resources */ = {isa = PBXBuildFile; fileRef = 23FDCC6F199300C900FB71DA /* Images.xcassets */; };
		23FDCC7C199300C900FB71DA /* recipeTests.swift in Sources */ = {isa = PBXBuildFile; fileRef = 23FDCC7B199300C900FB71DA /* recipeTests.swift */; };
/* End PBXBuildFile section */

/* Begin PBXContainerItemProxy section */
		23FDCC76199300C900FB71DA /* PBXContainerItemProxy */ = {
			isa = PBXContainerItemProxy;
			containerPortal = 23FDCC5B199300C900FB71DA /* Project object */;
			proxyType = 1;
			remoteGlobalIDString = 23FDCC62199300C900FB71DA;
			remoteInfo = recipe;
		};
/* End PBXContainerItemProxy section */

/* Begin PBXFileReference section */
		23F5475E19964ADE00FA31CF /* moneyListTableViewController.swift */ = {isa = PBXFileReference; fileEncoding = 4; lastKnownFileType = sourcecode.swift; path = moneyListTableViewController.swift; sourceTree = "<group>"; };
		23F5476019964AF500FA31CF /* addMoneyViewController.swift */ = {isa = PBXFileReference; fileEncoding = 4; lastKnownFileType = sourcecode.swift; name = addMoneyViewController.swift; path = ../addMoneyViewController.swift; sourceTree = "<group>"; };
		23F5476219964B2D00FA31CF /* pocketListTableViewController.swift */ = {isa = PBXFileReference; fileEncoding = 4; lastKnownFileType = sourcecode.swift; name = pocketListTableViewController.swift; path = ../pocketListTableViewController.swift; sourceTree = "<group>"; };
		23F5476419964FFC00FA31CF /* sqlite3Bridge.h */ = {isa = PBXFileReference; lastKnownFileType = sourcecode.c.h; path = sqlite3Bridge.h; sourceTree = "<group>"; };
		23F547651996516E00FA31CF /* libsqlite3.0.dylib */ = {isa = PBXFileReference; lastKnownFileType = "compiled.mach-o.dylib"; name = libsqlite3.0.dylib; path = usr/lib/libsqlite3.0.dylib; sourceTree = SDKROOT; };
		23F5476719966A6500FA31CF /* CMoneySqliteObject.swift */ = {isa = PBXFileReference; fileEncoding = 4; lastKnownFileType = sourcecode.swift; path = CMoneySqliteObject.swift; sourceTree = "<group>"; };
		23FDCC63199300C900FB71DA /* recipe.app */ = {isa = PBXFileReference; explicitFileType = wrapper.application; includeInIndex = 0; path = recipe.app; sourceTree = BUILT_PRODUCTS_DIR; };
		23FDCC67199300C900FB71DA /* Info.plist */ = {isa = PBXFileReference; lastKnownFileType = text.plist.xml; path = Info.plist; sourceTree = "<group>"; };
		23FDCC68199300C900FB71DA /* AppDelegate.swift */ = {isa = PBXFileReference; lastKnownFileType = sourcecode.swift; path = AppDelegate.swift; sourceTree = "<group>"; };
		23FDCC6A199300C900FB71DA /* ViewController.swift */ = {isa = PBXFileReference; lastKnownFileType = sourcecode.swift; path = ViewController.swift; sourceTree = "<group>"; };
		23FDCC6D199300C900FB71DA /* Base */ = {isa = PBXFileReference; lastKnownFileType = file.storyboard; name = Base; path = Base.lproj/Main.storyboard; sourceTree = "<group>"; };
		23FDCC6F199300C900FB71DA /* Images.xcassets */ = {isa = PBXFileReference; lastKnownFileType = folder.assetcatalog; path = Images.xcassets; sourceTree = "<group>"; };
		23FDCC75199300C900FB71DA /* recipeTests.xctest */ = {isa = PBXFileReference; explicitFileType = wrapper.cfbundle; includeInIndex = 0; path = recipeTests.xctest; sourceTree = BUILT_PRODUCTS_DIR; };
		23FDCC7A199300C900FB71DA /* Info.plist */ = {isa = PBXFileReference; lastKnownFileType = text.plist.xml; path = Info.plist; sourceTree = "<group>"; };
		23FDCC7B199300C900FB71DA /* recipeTests.swift */ = {isa = PBXFileReference; lastKnownFileType = sourcecode.swift; path = recipeTests.swift; sourceTree = "<group>"; };
/* End PBXFileReference section */

/* Begin PBXFrameworksBuildPhase section */
		23FDCC60199300C900FB71DA /* Frameworks */ = {
			isa = PBXFrameworksBuildPhase;
			buildActionMask = 2147483647;
			files = (
				23F547661996516E00FA31CF /* libsqlite3.0.dylib in Frameworks */,
			);
			runOnlyForDeploymentPostprocessing = 0;
		};
		23FDCC72199300C900FB71DA /* Frameworks */ = {
			isa = PBXFrameworksBuildPhase;
			buildActionMask = 2147483647;
			files = (
			);
			runOnlyForDeploymentPostprocessing = 0;
		};
/* End PBXFrameworksBuildPhase section */

/* Begin PBXGroup section */
		23FDCC5A199300C900FB71DA = {
			isa = PBXGroup;
			children = (
				23F547651996516E00FA31CF /* libsqlite3.0.dylib */,
				23FDCC65199300C900FB71DA /* recipe */,
				23FDCC78199300C900FB71DA /* recipeTests */,
				23FDCC64199300C900FB71DA /* Products */,
			);
			sourceTree = "<group>";
		};
		23FDCC64199300C900FB71DA /* Products */ = {
			isa = PBXGroup;
			children = (
				23FDCC63199300C900FB71DA /* recipe.app */,
				23FDCC75199300C900FB71DA /* recipeTests.xctest */,
			);
			name = Products;
			sourceTree = "<group>";
		};
		23FDCC65199300C900FB71DA /* recipe */ = {
			isa = PBXGroup;
			children = (
				23F5476419964FFC00FA31CF /* sqlite3Bridge.h */,
				23FDCC68199300C900FB71DA /* AppDelegate.swift */,
				23FDCC6A199300C900FB71DA /* ViewController.swift */,
				23F5476019964AF500FA31CF /* addMoneyViewController.swift */,
				23F5475E19964ADE00FA31CF /* moneyListTableViewController.swift */,
				23F5476219964B2D00FA31CF /* pocketListTableViewController.swift */,
				23F5476719966A6500FA31CF /* CMoneySqliteObject.swift */,
				23FDCC6C199300C900FB71DA /* Main.storyboard */,
				23FDCC6F199300C900FB71DA /* Images.xcassets */,
				23FDCC66199300C900FB71DA /* Supporting Files */,
			);
			path = recipe;
			sourceTree = "<group>";
		};
		23FDCC66199300C900FB71DA /* Supporting Files */ = {
			isa = PBXGroup;
			children = (
				23FDCC67199300C900FB71DA /* Info.plist */,
			);
			name = "Supporting Files";
			sourceTree = "<group>";
		};
		23FDCC78199300C900FB71DA /* recipeTests */ = {
			isa = PBXGroup;
			children = (
				23FDCC7B199300C900FB71DA /* recipeTests.swift */,
				23FDCC79199300C900FB71DA /* Supporting Files */,
			);
			path = recipeTests;
			sourceTree = "<group>";
		};
		23FDCC79199300C900FB71DA /* Supporting Files */ = {
			isa = PBXGroup;
			children = (
				23FDCC7A199300C900FB71DA /* Info.plist */,
			);
			name = "Supporting Files";
			sourceTree = "<group>";
		};
/* End PBXGroup section */

/* Begin PBXNativeTarget section */
		23FDCC62199300C900FB71DA /* recipe */ = {
			isa = PBXNativeTarget;
			buildConfigurationList = 23FDCC7F199300C900FB71DA /* Build configuration list for PBXNativeTarget "recipe" */;
			buildPhases = (
				23FDCC5F199300C900FB71DA /* Sources */,
				23FDCC60199300C900FB71DA /* Frameworks */,
				23FDCC61199300C900FB71DA /* Resources */,
			);
			buildRules = (
			);
			dependencies = (
			);
			name = recipe;
			productName = recipe;
			productReference = 23FDCC63199300C900FB71DA /* recipe.app */;
			productType = "com.apple.product-type.application";
		};
		23FDCC74199300C900FB71DA /* recipeTests */ = {
			isa = PBXNativeTarget;
			buildConfigurationList = 23FDCC82199300C900FB71DA /* Build configuration list for PBXNativeTarget "recipeTests" */;
			buildPhases = (
				23FDCC71199300C900FB71DA /* Sources */,
				23FDCC72199300C900FB71DA /* Frameworks */,
				23FDCC73199300C900FB71DA /* Resources */,
			);
			buildRules = (
			);
			dependencies = (
				23FDCC77199300C900FB71DA /* PBXTargetDependency */,
			);
			name = recipeTests;
			productName = recipeTests;
			productReference = 23FDCC75199300C900FB71DA /* recipeTests.xctest */;
			productType = "com.apple.product-type.bundle.unit-test";
		};
/* End PBXNativeTarget section */

/* Begin PBXProject section */
		23FDCC5B199300C900FB71DA /* Project object */ = {
			isa = PBXProject;
			attributes = {
				LastUpgradeCheck = 0600;
				ORGANIZATIONNAME = devfun;
				TargetAttributes = {
					23FDCC62199300C900FB71DA = {
						CreatedOnToolsVersion = 6.0;
					};
					23FDCC74199300C900FB71DA = {
						CreatedOnToolsVersion = 6.0;
						TestTargetID = 23FDCC62199300C900FB71DA;
					};
				};
			};
			buildConfigurationList = 23FDCC5E199300C900FB71DA /* Build configuration list for PBXProject "recipe" */;
			compatibilityVersion = "Xcode 3.2";
			developmentRegion = English;
			hasScannedForEncodings = 0;
			knownRegions = (
				en,
				Base,
			);
			mainGroup = 23FDCC5A199300C900FB71DA;
			productRefGroup = 23FDCC64199300C900FB71DA /* Products */;
			projectDirPath = "";
			projectRoot = "";
			targets = (
				23FDCC62199300C900FB71DA /* recipe */,
				23FDCC74199300C900FB71DA /* recipeTests */,
			);
		};
/* End PBXProject section */

/* Begin PBXResourcesBuildPhase section */
		23FDCC61199300C900FB71DA /* Resources */ = {
			isa = PBXResourcesBuildPhase;
			buildActionMask = 2147483647;
			files = (
				23FDCC6E199300C900FB71DA /* Main.storyboard in Resources */,
				23FDCC70199300C900FB71DA /* Images.xcassets in Resources */,
			);
			runOnlyForDeploymentPostprocessing = 0;
		};
		23FDCC73199300C900FB71DA /* Resources */ = {
			isa = PBXResourcesBuildPhase;
			buildActionMask = 2147483647;
			files = (
			);
			runOnlyForDeploymentPostprocessing = 0;
		};
/* End PBXResourcesBuildPhase section */

/* Begin PBXSourcesBuildPhase section */
		23FDCC5F199300C900FB71DA /* Sources */ = {
			isa = PBXSourcesBuildPhase;
			buildActionMask = 2147483647;
			files = (
				23F5475F19964ADE00FA31CF /* moneyListTableViewController.swift in Sources */,
				23F5476319964B2D00FA31CF /* pocketListTableViewController.swift in Sources */,
				23FDCC6B199300C900FB71DA /* ViewController.swift in Sources */,
				23FDCC69199300C900FB71DA /* AppDelegate.swift in Sources */,
				23F5476119964AF500FA31CF /* addMoneyViewController.swift in Sources */,
				23F5476819966A6500FA31CF /* CMoneySqliteObject.swift in Sources */,
			);
			runOnlyForDeploymentPostprocessing = 0;
		};
		23FDCC71199300C900FB71DA /* Sources */ = {
			isa = PBXSourcesBuildPhase;
			buildActionMask = 2147483647;
			files = (
				23FDCC7C199300C900FB71DA /* recipeTests.swift in Sources */,
			);
			runOnlyForDeploymentPostprocessing = 0;
		};
/* End PBXSourcesBuildPhase section */

/* Begin PBXTargetDependency section */
		23FDCC77199300C900FB71DA /* PBXTargetDependency */ = {
			isa = PBXTargetDependency;
			target = 23FDCC62199300C900FB71DA /* recipe */;
			targetProxy = 23FDCC76199300C900FB71DA /* PBXContainerItemProxy */;
		};
/* End PBXTargetDependency section */

/* Begin PBXVariantGroup section */
		23FDCC6C199300C900FB71DA /* Main.storyboard */ = {
			isa = PBXVariantGroup;
			children = (
				23FDCC6D199300C900FB71DA /* Base */,
			);
			name = Main.storyboard;
			sourceTree = "<group>";
		};
/* End PBXVariantGroup section */

/* Begin XCBuildConfiguration section */
		23FDCC7D199300C900FB71DA /* Debug */ = {
			isa = XCBuildConfiguration;
			buildSettings = {
				ALWAYS_SEARCH_USER_PATHS = NO;
				CLANG_CXX_LANGUAGE_STANDARD = "gnu++0x";
				CLANG_CXX_LIBRARY = "libc++";
				CLANG_ENABLE_MODULES = YES;
				CLANG_ENABLE_OBJC_ARC = YES;
				CLANG_WARN_BOOL_CONVERSION = YES;
				CLANG_WARN_CONSTANT_CONVERSION = YES;
				CLANG_WARN_DIRECT_OBJC_ISA_USAGE = YES_ERROR;
				CLANG_WARN_EMPTY_BODY = YES;
				CLANG_WARN_ENUM_CONVERSION = YES;
				CLANG_WARN_INT_CONVERSION = YES;
				CLANG_WARN_OBJC_ROOT_CLASS = YES_ERROR;
				CLANG_WARN_UNREACHABLE_CODE = YES;
				CLANG_WARN__DUPLICATE_METHOD_MATCH = YES;
				"CODE_SIGN_IDENTITY[sdk=iphoneos*]" = "iPhone Developer";
				COPY_PHASE_STRIP = NO;
				ENABLE_STRICT_OBJC_MSGSEND = YES;
				GCC_C_LANGUAGE_STANDARD = gnu99;
				GCC_DYNAMIC_NO_PIC = NO;
				GCC_OPTIMIZATION_LEVEL = 0;
				GCC_PREPROCESSOR_DEFINITIONS = (
					"DEBUG=1",
					"$(inherited)",
				);
				GCC_SYMBOLS_PRIVATE_EXTERN = NO;
				GCC_WARN_64_TO_32_BIT_CONVERSION = YES;
				GCC_WARN_ABOUT_RETURN_TYPE = YES_ERROR;
				GCC_WARN_UNDECLARED_SELECTOR = YES;
				GCC_WARN_UNINITIALIZED_AUTOS = YES_AGGRESSIVE;
				GCC_WARN_UNUSED_FUNCTION = YES;
				GCC_WARN_UNUSED_VARIABLE = YES;
				IPHONEOS_DEPLOYMENT_TARGET = 8.0;
				MTL_ENABLE_DEBUG_INFO = YES;
				ONLY_ACTIVE_ARCH = YES;
				SDKROOT = iphoneos;
				"SWIFT_OBJC_BRIDGING_HEADER[arch=*]" = recipe/sqlite3Bridge.h;
				SWIFT_OPTIMIZATION_LEVEL = "-Onone";
				TARGETED_DEVICE_FAMILY = "1,2";
			};
			name = Debug;
		};
		23FDCC7E199300C900FB71DA /* Release */ = {
			isa = XCBuildConfiguration;
			buildSettings = {
				ALWAYS_SEARCH_USER_PATHS = NO;
				CLANG_CXX_LANGUAGE_STANDARD = "gnu++0x";
				CLANG_CXX_LIBRARY = "libc++";
				CLANG_ENABLE_MODULES = YES;
				CLANG_ENABLE_OBJC_ARC = YES;
				CLANG_WARN_BOOL_CONVERSION = YES;
				CLANG_WARN_CONSTANT_CONVERSION = YES;
				CLANG_WARN_DIRECT_OBJC_ISA_USAGE = YES_ERROR;
				CLANG_WARN_EMPTY_BODY = YES;
				CLANG_WARN_ENUM_CONVERSION = YES;
				CLANG_WARN_INT_CONVERSION = YES;
				CLANG_WARN_OBJC_ROOT_CLASS = YES_ERROR;
				CLANG_WARN_UNREACHABLE_CODE = YES;
				CLANG_WARN__DUPLICATE_METHOD_MATCH = YES;
				"CODE_SIGN_IDENTITY[sdk=iphoneos*]" = "iPhone Developer";
				COPY_PHASE_STRIP = YES;
				ENABLE_NS_ASSERTIONS = NO;
				ENABLE_STRICT_OBJC_MSGSEND = YES;
				GCC_C_LANGUAGE_STANDARD = gnu99;
				GCC_WARN_64_TO_32_BIT_CONVERSION = YES;
				GCC_WARN_ABOUT_RETURN_TYPE = YES_ERROR;
				GCC_WARN_UNDECLARED_SELECTOR = YES;
				GCC_WARN_UNINITIALIZED_AUTOS = YES_AGGRESSIVE;
				GCC_WARN_UNUSED_FUNCTION = YES;
				GCC_WARN_UNUSED_VARIABLE = YES;
				IPHONEOS_DEPLOYMENT_TARGET = 8.0;
				MTL_ENABLE_DEBUG_INFO = NO;
				SDKROOT = iphoneos;
				TARGETED_DEVICE_FAMILY = "1,2";
				VALIDATE_PRODUCT = YES;
			};
			name = Release;
		};
		23FDCC80199300C900FB71DA /* Debug */ = {
			isa = XCBuildConfiguration;
			buildSettings = {
				ASSETCATALOG_COMPILER_APPICON_NAME = AppIcon;
				ASSETCATALOG_COMPILER_LAUNCHIMAGE_NAME = LaunchImage;
				INFOPLIST_FILE = recipe/Info.plist;
				LD_RUNPATH_SEARCH_PATHS = "$(inherited) @executable_path/Frameworks";
				PRODUCT_NAME = "$(TARGET_NAME)";
			};
			name = Debug;
		};
		23FDCC81199300C900FB71DA /* Release */ = {
			isa = XCBuildConfiguration;
			buildSettings = {
				ASSETCATALOG_COMPILER_APPICON_NAME = AppIcon;
				ASSETCATALOG_COMPILER_LAUNCHIMAGE_NAME = LaunchImage;
				INFOPLIST_FILE = recipe/Info.plist;
				LD_RUNPATH_SEARCH_PATHS = "$(inherited) @executable_path/Frameworks";
				PRODUCT_NAME = "$(TARGET_NAME)";
			};
			name = Release;
		};
		23FDCC83199300C900FB71DA /* Debug */ = {
			isa = XCBuildConfiguration;
			buildSettings = {
				BUNDLE_LOADER = "$(TEST_HOST)";
				FRAMEWORK_SEARCH_PATHS = (
					"$(SDKROOT)/Developer/Library/Frameworks",
					"$(inherited)",
				);
				GCC_PREPROCESSOR_DEFINITIONS = (
					"DEBUG=1",
					"$(inherited)",
				);
				INFOPLIST_FILE = recipeTests/Info.plist;
				LD_RUNPATH_SEARCH_PATHS = "$(inherited) @executable_path/Frameworks @loader_path/Frameworks";
				PRODUCT_NAME = "$(TARGET_NAME)";
				TEST_HOST = "$(BUILT_PRODUCTS_DIR)/recipe.app/recipe";
			};
			name = Debug;
		};
		23FDCC84199300C900FB71DA /* Release */ = {
			isa = XCBuildConfiguration;
			buildSettings = {
				BUNDLE_LOADER = "$(TEST_HOST)";
				FRAMEWORK_SEARCH_PATHS = (
					"$(SDKROOT)/Developer/Library/Frameworks",
					"$(inherited)",
				);
				INFOPLIST_FILE = recipeTests/Info.plist;
				LD_RUNPATH_SEARCH_PATHS = "$(inherited) @executable_path/Frameworks @loader_path/Frameworks";
				PRODUCT_NAME = "$(TARGET_NAME)";
				TEST_HOST = "$(BUILT_PRODUCTS_DIR)/recipe.app/recipe";
			};
			name = Release;
		};
/* End XCBuildConfiguration section */

/* Begin XCConfigurationList section */
		23FDCC5E199300C900FB71DA /* Build configuration list for PBXProject "recipe" */ = {
			isa = XCConfigurationList;
			buildConfigurations = (
				23FDCC7D199300C900FB71DA /* Debug */,
				23FDCC7E199300C900FB71DA /* Release */,
			);
			defaultConfigurationIsVisible = 0;
			defaultConfigurationName = Release;
		};
		23FDCC7F199300C900FB71DA /* Build configuration list for PBXNativeTarget "recipe" */ = {
			isa = XCConfigurationList;
			buildConfigurations = (
				23FDCC80199300C900FB71DA /* Debug */,
				23FDCC81199300C900FB71DA /* Release */,
			);
			defaultConfigurationIsVisible = 0;
			defaultConfigurationName = Release;
		};
		23FDCC82199300C900FB71DA /* Build configuration list for PBXNativeTarget "recipeTests" */ = {
			isa = XCConfigurationList;
			buildConfigurations = (
				23FDCC83199300C900FB71DA /* Debug */,
				23FDCC84199300C900FB71DA /* Release */,
			);
			defaultConfigurationIsVisible = 0;
			defaultConfigurationName = Release;
		};
/* End XCConfigurationList section */
	};
	rootObject = 23FDCC5B199300C900FB71DA /* Project object */;
}
